PODS:
  - Alamofire (4.3.0)
  - FDFullscreenPopGesture (1.1)
  - Kingfisher (3.3.4)
  - SnapKit (3.1.2)
  - SVProgressHUD (2.1.2)
  - SwiftyJSON (3.1.4)

DEPENDENCIES:
  - Alamofire (~> 4.3.0)
  - FDFullscreenPopGesture (~> 1.1)
  - Kingfisher (~> 3.3.4)
  - SnapKit (~> 3.1.2)
  - SVProgressHUD
  - SwiftyJSON (~> 3.1.4)

SPEC CHECKSUMS:
  Alamofire: 856a113053a7bc9cbe5d6367a555d773fc5cfef7
  FDFullscreenPopGesture: a8a620179e3d9c40e8e00256dcee1c1a27c6d0f0
  Kingfisher: 35f289f015d26e81ea6c85048718c6205f3933c6
  SnapKit: 12b24f569cb7c143acc9c22b9d91b23e7b1c84a2
  SVProgressHUD: c404a55d78acbeb7ebb78b76d3faf986475a6994
  SwiftyJSON: c2842d878f95482ffceec5709abc3d05680c0220

PODFILE CHECKSUM: 711e54713f6b37667ffe0387e4f42bdd97a93a48

COCOAPODS: 1.2.0.rc.1
