PODS:
  - Alamofire (3.4.1)
  - FDFullscreenPopGesture (1.1)
  - Kingfisher (2.4.1)
  - SnapKit (0.21.1)
  - SVProgressHUD (2.0.3)
  - SwiftyJSON (2.3.2)

DEPENDENCIES:
  - Alamofire
  - FDFullscreenPopGesture (~> 1.1)
  - Kingfisher
  - SnapKit
  - SVProgressHUD
  - SwiftyJSON

SPEC CHECKSUMS:
  Alamofire: 01a82e2f6c0f860ade35534c8dd88be61bdef40c
  FDFullscreenPopGesture: a8a620179e3d9c40e8e00256dcee1c1a27c6d0f0
  Kingfisher: 41aed5b6c1ed8fa98cf6d75283ce89cf7890f517
  SnapKit: bbad04cb016c7cead63965f16b00c09318d271ee
  SVProgressHUD: b0830714205bea1317ea1a2ebc71e5633af334d4
  SwiftyJSON: 04ccea08915aa0109039157c7974cf0298da292a

COCOAPODS: 0.39.0
