// !$*UTF8*$!
{
	archiveVersion = 1;
	classes = {
	};
	objectVersion = 46;
	objects = {

/* Begin PBXBuildFile section */
		2500419B1D3DD15D00994B58 /* Assets.xcassets in Resources */ = {isa = PBXBuildFile; fileRef = 2500419A1D3DD15D00994B58 /* Assets.xcassets */; };
		250041A91D3DD15D00994B58 /* DanTangTests.swift in Sources */ = {isa = PBXBuildFile; fileRef = 250041A81D3DD15D00994B58 /* DanTangTests.swift */; };
		250041B41D3DD15D00994B58 /* DanTangUITests.swift in Sources */ = {isa = PBXBuildFile; fileRef = 250041B31D3DD15D00994B58 /* DanTangUITests.swift */; };
		2586E1EB1D3F2453007C5178 /* YMConst.swift in Sources */ = {isa = PBXBuildFile; fileRef = 2586E1EA1D3F2453007C5178 /* YMConst.swift */; };
		2586E1ED1D3F246D007C5178 /* YMNetworkTool.swift in Sources */ = {isa = PBXBuildFile; fileRef = 2586E1EC1D3F246D007C5178 /* YMNetworkTool.swift */; };
		2586E1F01D3F2854007C5178 /* YMHomeItem.swift in Sources */ = {isa = PBXBuildFile; fileRef = 2586E1EF1D3F2854007C5178 /* YMHomeItem.swift */; };
		2586E1F31D3F305C007C5178 /* YMHomeCell.swift in Sources */ = {isa = PBXBuildFile; fileRef = 2586E1F21D3F305C007C5178 /* YMHomeCell.swift */; };
		2586E1F51D3F3260007C5178 /* YMBaseViewController.swift in Sources */ = {isa = PBXBuildFile; fileRef = 2586E1F41D3F3260007C5178 /* YMBaseViewController.swift */; };
		2586E1F71D3F3327007C5178 /* YMHomeCell.xib in Resources */ = {isa = PBXBuildFile; fileRef = 2586E1F61D3F3327007C5178 /* YMHomeCell.xib */; };
		2586E1F91D3F3734007C5178 /* YMChannel.swift in Sources */ = {isa = PBXBuildFile; fileRef = 2586E1F81D3F3734007C5178 /* YMChannel.swift */; };
		2586E1FC1D3F3E0E007C5178 /* UIView+Extension.swift in Sources */ = {isa = PBXBuildFile; fileRef = 2586E1FB1D3F3E0E007C5178 /* UIView+Extension.swift */; };
		2586E1FE1D3F3E1B007C5178 /* String+Extension.swift in Sources */ = {isa = PBXBuildFile; fileRef = 2586E1FD1D3F3E1B007C5178 /* String+Extension.swift */; };
		2586E2041D3F511B007C5178 /* YMTopicViewController.swift in Sources */ = {isa = PBXBuildFile; fileRef = 2586E2031D3F511B007C5178 /* YMTopicViewController.swift */; };
		2586E2061D3F7C05007C5178 /* YMDetailViewController.swift in Sources */ = {isa = PBXBuildFile; fileRef = 2586E2051D3F7C05007C5178 /* YMDetailViewController.swift */; };
		2586E20C1D3F811E007C5178 /* YMLoginViewController.swift in Sources */ = {isa = PBXBuildFile; fileRef = 2586E20B1D3F811E007C5178 /* YMLoginViewController.swift */; };
		2586E20E1D3F820B007C5178 /* YMLoginViewController.xib in Resources */ = {isa = PBXBuildFile; fileRef = 2586E20D1D3F820B007C5178 /* YMLoginViewController.xib */; };
		25A285451D4705C10090498C /* YMSortCell.swift in Sources */ = {isa = PBXBuildFile; fileRef = 25A285431D4705C10090498C /* YMSortCell.swift */; };
		25A285461D4705C10090498C /* YMSortCell.xib in Resources */ = {isa = PBXBuildFile; fileRef = 25A285441D4705C10090498C /* YMSortCell.xib */; };
		25A285481D470A650090498C /* YMSearchRecord.swift in Sources */ = {isa = PBXBuildFile; fileRef = 25A285471D470A650090498C /* YMSearchRecord.swift */; };
		25A2854A1D470C7E0090498C /* YMRefreshView.swift in Sources */ = {isa = PBXBuildFile; fileRef = 25A285491D470C7E0090498C /* YMRefreshView.swift */; };
		25A2854E1D470C920090498C /* YMRefreshView.xib in Resources */ = {isa = PBXBuildFile; fileRef = 25A2854D1D470C920090498C /* YMRefreshView.xib */; };
		25A285501D4711850090498C /* YMRefreshControl.swift in Sources */ = {isa = PBXBuildFile; fileRef = 25A2854F1D4711850090498C /* YMRefreshControl.swift */; };
		25AD3B261D406580001610B7 /* YMRegisterViewController.swift in Sources */ = {isa = PBXBuildFile; fileRef = 25AD3B241D406580001610B7 /* YMRegisterViewController.swift */; };
		25AD3B271D406580001610B7 /* YMRegisterViewController.xib in Resources */ = {isa = PBXBuildFile; fileRef = 25AD3B251D406580001610B7 /* YMRegisterViewController.xib */; };
		25AD3B6F1D40B4DF001610B7 /* YMCollectionViewCell.swift in Sources */ = {isa = PBXBuildFile; fileRef = 25AD3B6D1D40B4DF001610B7 /* YMCollectionViewCell.swift */; };
		25AD3B701D40B4DF001610B7 /* YMCollectionViewCell.xib in Resources */ = {isa = PBXBuildFile; fileRef = 25AD3B6E1D40B4DF001610B7 /* YMCollectionViewCell.xib */; };
		25AD3B731D40B993001610B7 /* YMProduct.swift in Sources */ = {isa = PBXBuildFile; fileRef = 25AD3B721D40B993001610B7 /* YMProduct.swift */; };
		25AD3B751D40CDD4001610B7 /* YMProductDetailViewController.swift in Sources */ = {isa = PBXBuildFile; fileRef = 25AD3B741D40CDD4001610B7 /* YMProductDetailViewController.swift */; };
		25AD3B791D41C915001610B7 /* YMCollection.swift in Sources */ = {isa = PBXBuildFile; fileRef = 25AD3B781D41C915001610B7 /* YMCollection.swift */; };
		25AD3B7B1D41CA20001610B7 /* YMGroup.swift in Sources */ = {isa = PBXBuildFile; fileRef = 25AD3B7A1D41CA20001610B7 /* YMGroup.swift */; };
		25AD3B7D1D41DDB4001610B7 /* YMVerticalButton.swift in Sources */ = {isa = PBXBuildFile; fileRef = 25AD3B7C1D41DDB4001610B7 /* YMVerticalButton.swift */; };
		25AD3B811D41E80C001610B7 /* YMCategoryHeaderViewController.swift in Sources */ = {isa = PBXBuildFile; fileRef = 25AD3B801D41E80C001610B7 /* YMCategoryHeaderViewController.swift */; };
		25AD3B861D41EF46001610B7 /* YMCategoryCollectionViewCell.swift in Sources */ = {isa = PBXBuildFile; fileRef = 25AD3B841D41EF46001610B7 /* YMCategoryCollectionViewCell.swift */; };
		25AD3B871D41EF46001610B7 /* YMCategoryCollectionViewCell.xib in Resources */ = {isa = PBXBuildFile; fileRef = 25AD3B851D41EF46001610B7 /* YMCategoryCollectionViewCell.xib */; };
		25AD3B9B1D420A4F001610B7 /* YMTopHeaderView.swift in Sources */ = {isa = PBXBuildFile; fileRef = 25AD3B9A1D420A4F001610B7 /* YMTopHeaderView.swift */; };
		25AD3B9D1D420A59001610B7 /* YMTopHeaderView.xib in Resources */ = {isa = PBXBuildFile; fileRef = 25AD3B9C1D420A59001610B7 /* YMTopHeaderView.xib */; };
		25AD3B9F1D420C90001610B7 /* YMSeeAllController.swift in Sources */ = {isa = PBXBuildFile; fileRef = 25AD3B9E1D420C90001610B7 /* YMSeeAllController.swift */; };
		25AD3BB01D45BEE3001610B7 /* YMSeeAllTopicCell.swift in Sources */ = {isa = PBXBuildFile; fileRef = 25AD3BAE1D45BEE3001610B7 /* YMSeeAllTopicCell.swift */; };
		25AD3BB11D45BEE3001610B7 /* YMSeeAllTopicCell.xib in Resources */ = {isa = PBXBuildFile; fileRef = 25AD3BAF1D45BEE3001610B7 /* YMSeeAllTopicCell.xib */; };
		25AD3BB31D45C684001610B7 /* YMSeeAllController.xib in Resources */ = {isa = PBXBuildFile; fileRef = 25AD3BB21D45C684001610B7 /* YMSeeAllController.xib */; };
		25AD3BB51D45F54A001610B7 /* YMSearchViewController.swift in Sources */ = {isa = PBXBuildFile; fileRef = 25AD3BB41D45F54A001610B7 /* YMSearchViewController.swift */; };
		25AD3BB71D460C46001610B7 /* YMSearchResult.swift in Sources */ = {isa = PBXBuildFile; fileRef = 25AD3BB61D460C46001610B7 /* YMSearchResult.swift */; };
		94A4410B1D4463A9005E73FE /* YMCategoryBottomView.swift in Sources */ = {isa = PBXBuildFile; fileRef = 94A4410A1D4463A9005E73FE /* YMCategoryBottomView.swift */; };
		94A4410D1D44FCD4005E73FE /* YMMeChoiceView.swift in Sources */ = {isa = PBXBuildFile; fileRef = 94A4410C1D44FCD4005E73FE /* YMMeChoiceView.swift */; };
		94A441111D4509AC005E73FE /* UITableView+EmptyData.swift in Sources */ = {isa = PBXBuildFile; fileRef = 94A441101D4509AC005E73FE /* UITableView+EmptyData.swift */; };
		94A441131D451096005E73FE /* YMMeFooterView.swift in Sources */ = {isa = PBXBuildFile; fileRef = 94A441121D451096005E73FE /* YMMeFooterView.swift */; };
		94A4415B1D46547D005E73FE /* YMSortTableView.swift in Sources */ = {isa = PBXBuildFile; fileRef = 94A4415A1D46547D005E73FE /* YMSortTableView.swift */; };
		94E044C51D3E7B1300BCB4B1 /* YMCategoryViewController.swift in Sources */ = {isa = PBXBuildFile; fileRef = 94E044B21D3E7B1300BCB4B1 /* YMCategoryViewController.swift */; };
		94E044C61D3E7B1300BCB4B1 /* YMDanTangViewController.swift in Sources */ = {isa = PBXBuildFile; fileRef = 94E044B51D3E7B1300BCB4B1 /* YMDanTangViewController.swift */; };
		94E044C71D3E7B1300BCB4B1 /* YMMeViewController.swift in Sources */ = {isa = PBXBuildFile; fileRef = 94E044B91D3E7B1300BCB4B1 /* YMMeViewController.swift */; };
		94E044C81D3E7B1300BCB4B1 /* AppDelegate.swift in Sources */ = {isa = PBXBuildFile; fileRef = 94E044BB1D3E7B1300BCB4B1 /* AppDelegate.swift */; };
		94E044C91D3E7B1300BCB4B1 /* Info.plist in Resources */ = {isa = PBXBuildFile; fileRef = 94E044BC1D3E7B1300BCB4B1 /* Info.plist */; };
		94E044CA1D3E7B1300BCB4B1 /* YMProductViewController.swift in Sources */ = {isa = PBXBuildFile; fileRef = 94E044BF1D3E7B1300BCB4B1 /* YMProductViewController.swift */; };
		94E044D11D3E7D9600BCB4B1 /* YMTabBarController.swift in Sources */ = {isa = PBXBuildFile; fileRef = 94E044D01D3E7D9600BCB4B1 /* YMTabBarController.swift */; };
		94E044D31D3E7DA900BCB4B1 /* YMNavigationController.swift in Sources */ = {isa = PBXBuildFile; fileRef = 94E044D21D3E7DA900BCB4B1 /* YMNavigationController.swift */; };
		94E044D51D42F27400BCB4B1 /* YMMessageViewController.swift in Sources */ = {isa = PBXBuildFile; fileRef = 94E044D41D42F27400BCB4B1 /* YMMessageViewController.swift */; };
		94E044D71D42F27E00BCB4B1 /* YMSettingViewController.swift in Sources */ = {isa = PBXBuildFile; fileRef = 94E044D61D42F27E00BCB4B1 /* YMSettingViewController.swift */; };
		94E044DA1D42F75800BCB4B1 /* YMMineHeaderView.swift in Sources */ = {isa = PBXBuildFile; fileRef = 94E044D91D42F75800BCB4B1 /* YMMineHeaderView.swift */; };
		94E044DC1D430B1900BCB4B1 /* SettingCell.plist in Resources */ = {isa = PBXBuildFile; fileRef = 94E044DB1D430B1900BCB4B1 /* SettingCell.plist */; };
		94E044DF1D430E4700BCB4B1 /* YMSetting.swift in Sources */ = {isa = PBXBuildFile; fileRef = 94E044DE1D430E4700BCB4B1 /* YMSetting.swift */; };
		94E044E21D4315D800BCB4B1 /* YMSettingCell.swift in Sources */ = {isa = PBXBuildFile; fileRef = 94E044E01D4315D800BCB4B1 /* YMSettingCell.swift */; };
		94E044E31D4315D800BCB4B1 /* YMSettingCell.xib in Resources */ = {isa = PBXBuildFile; fileRef = 94E044E11D4315D800BCB4B1 /* YMSettingCell.xib */; };
		94E66C101D433EC7009E9609 /* YMProductDetailToolBar.swift in Sources */ = {isa = PBXBuildFile; fileRef = 94E66C0F1D433EC7009E9609 /* YMProductDetailToolBar.swift */; };
		94E66C121D433ECF009E9609 /* YMProductDetailToolBar.xib in Resources */ = {isa = PBXBuildFile; fileRef = 94E66C111D433ECF009E9609 /* YMProductDetailToolBar.xib */; };
		94E66C141D434571009E9609 /* YMActionSheet.swift in Sources */ = {isa = PBXBuildFile; fileRef = 94E66C131D434571009E9609 /* YMActionSheet.swift */; };
		94E66C161D439D62009E9609 /* YMShareButtonView.swift in Sources */ = {isa = PBXBuildFile; fileRef = 94E66C151D439D62009E9609 /* YMShareButtonView.swift */; };
		94E66C191D43AF37009E9609 /* YMTMALLViewController.swift in Sources */ = {isa = PBXBuildFile; fileRef = 94E66C171D43AF37009E9609 /* YMTMALLViewController.swift */; };
		94E66C1A1D43AF37009E9609 /* YMTMALLViewController.xib in Resources */ = {isa = PBXBuildFile; fileRef = 94E66C181D43AF37009E9609 /* YMTMALLViewController.xib */; };
		94E66C1C1D43B531009E9609 /* YMNewfeatureViewController.swift in Sources */ = {isa = PBXBuildFile; fileRef = 94E66C1B1D43B531009E9609 /* YMNewfeatureViewController.swift */; };
		94E66C1F1D444B3F009E9609 /* YMCollectionDetailController.swift in Sources */ = {isa = PBXBuildFile; fileRef = 94E66C1D1D444B3F009E9609 /* YMCollectionDetailController.swift */; };
		94E66C201D444B3F009E9609 /* YMCollectionDetailController.xib in Resources */ = {isa = PBXBuildFile; fileRef = 94E66C1E1D444B3F009E9609 /* YMCollectionDetailController.xib */; };
		94E66C231D444FC3009E9609 /* YMCollectionTableViewCell.swift in Sources */ = {isa = PBXBuildFile; fileRef = 94E66C211D444FC3009E9609 /* YMCollectionTableViewCell.swift */; };
		94E66C241D444FC3009E9609 /* YMCollectionTableViewCell.xib in Resources */ = {isa = PBXBuildFile; fileRef = 94E66C221D444FC3009E9609 /* YMCollectionTableViewCell.xib */; };
		94E66C261D4452DD009E9609 /* YMCollectionPost.swift in Sources */ = {isa = PBXBuildFile; fileRef = 94E66C251D4452DD009E9609 /* YMCollectionPost.swift */; };
		94E66C291D4459F0009E9609 /* YMPostDetailViewController.swift in Sources */ = {isa = PBXBuildFile; fileRef = 94E66C271D4459F0009E9609 /* YMPostDetailViewController.swift */; };
		94E66C2A1D4459F0009E9609 /* YMPostDetailViewController.xib in Resources */ = {isa = PBXBuildFile; fileRef = 94E66C281D4459F0009E9609 /* YMPostDetailViewController.xib */; };
		F49ED7EC25B9CAC63FEB5100 /* Pods_DanTang.framework in Frameworks */ = {isa = PBXBuildFile; fileRef = 053967763D40EE721AE073DA /* Pods_DanTang.framework */; };
/* End PBXBuildFile section */

/* Begin PBXContainerItemProxy section */
		250041A51D3DD15D00994B58 /* PBXContainerItemProxy */ = {
			isa = PBXContainerItemProxy;
			containerPortal = 250041881D3DD15D00994B58 /* Project object */;
			proxyType = 1;
			remoteGlobalIDString = 2500418F1D3DD15D00994B58;
			remoteInfo = DanTang;
		};
		250041B01D3DD15D00994B58 /* PBXContainerItemProxy */ = {
			isa = PBXContainerItemProxy;
			containerPortal = 250041881D3DD15D00994B58 /* Project object */;
			proxyType = 1;
			remoteGlobalIDString = 2500418F1D3DD15D00994B58;
			remoteInfo = DanTang;
		};
/* End PBXContainerItemProxy section */

/* Begin PBXFileReference section */
		053967763D40EE721AE073DA /* Pods_DanTang.framework */ = {isa = PBXFileReference; explicitFileType = wrapper.framework; includeInIndex = 0; path = Pods_DanTang.framework; sourceTree = BUILT_PRODUCTS_DIR; };
		1AC7FCCCC457EC50FC9CBF46 /* Pods-DanTang.debug.xcconfig */ = {isa = PBXFileReference; includeInIndex = 1; lastKnownFileType = text.xcconfig; name = "Pods-DanTang.debug.xcconfig"; path = "Pods/Target Support Files/Pods-DanTang/Pods-DanTang.debug.xcconfig"; sourceTree = "<group>"; };
		250041901D3DD15D00994B58 /* DanTang.app */ = {isa = PBXFileReference; explicitFileType = wrapper.application; includeInIndex = 0; path = DanTang.app; sourceTree = BUILT_PRODUCTS_DIR; };
		2500419A1D3DD15D00994B58 /* Assets.xcassets */ = {isa = PBXFileReference; lastKnownFileType = folder.assetcatalog; path = Assets.xcassets; sourceTree = "<group>"; };
		250041A41D3DD15D00994B58 /* DanTangTests.xctest */ = {isa = PBXFileReference; explicitFileType = wrapper.cfbundle; includeInIndex = 0; path = DanTangTests.xctest; sourceTree = BUILT_PRODUCTS_DIR; };
		250041A81D3DD15D00994B58 /* DanTangTests.swift */ = {isa = PBXFileReference; lastKnownFileType = sourcecode.swift; path = DanTangTests.swift; sourceTree = "<group>"; };
		250041AA1D3DD15D00994B58 /* Info.plist */ = {isa = PBXFileReference; lastKnownFileType = text.plist.xml; path = Info.plist; sourceTree = "<group>"; };
		250041AF1D3DD15D00994B58 /* DanTangUITests.xctest */ = {isa = PBXFileReference; explicitFileType = wrapper.cfbundle; includeInIndex = 0; path = DanTangUITests.xctest; sourceTree = BUILT_PRODUCTS_DIR; };
		250041B31D3DD15D00994B58 /* DanTangUITests.swift */ = {isa = PBXFileReference; lastKnownFileType = sourcecode.swift; path = DanTangUITests.swift; sourceTree = "<group>"; };
		250041B51D3DD15D00994B58 /* Info.plist */ = {isa = PBXFileReference; lastKnownFileType = text.plist.xml; path = Info.plist; sourceTree = "<group>"; };
		2586E1EA1D3F2453007C5178 /* YMConst.swift */ = {isa = PBXFileReference; fileEncoding = 4; lastKnownFileType = sourcecode.swift; path = YMConst.swift; sourceTree = "<group>"; };
		2586E1EC1D3F246D007C5178 /* YMNetworkTool.swift */ = {isa = PBXFileReference; fileEncoding = 4; lastKnownFileType = sourcecode.swift; path = YMNetworkTool.swift; sourceTree = "<group>"; };
		2586E1EF1D3F2854007C5178 /* YMHomeItem.swift */ = {isa = PBXFileReference; fileEncoding = 4; lastKnownFileType = sourcecode.swift; path = YMHomeItem.swift; sourceTree = "<group>"; };
		2586E1F21D3F305C007C5178 /* YMHomeCell.swift */ = {isa = PBXFileReference; fileEncoding = 4; lastKnownFileType = sourcecode.swift; path = YMHomeCell.swift; sourceTree = "<group>"; };
		2586E1F41D3F3260007C5178 /* YMBaseViewController.swift */ = {isa = PBXFileReference; fileEncoding = 4; lastKnownFileType = sourcecode.swift; path = YMBaseViewController.swift; sourceTree = "<group>"; };
		2586E1F61D3F3327007C5178 /* YMHomeCell.xib */ = {isa = PBXFileReference; fileEncoding = 4; lastKnownFileType = file.xib; path = YMHomeCell.xib; sourceTree = "<group>"; };
		2586E1F81D3F3734007C5178 /* YMChannel.swift */ = {isa = PBXFileReference; fileEncoding = 4; lastKnownFileType = sourcecode.swift; path = YMChannel.swift; sourceTree = "<group>"; };
		2586E1FB1D3F3E0E007C5178 /* UIView+Extension.swift */ = {isa = PBXFileReference; fileEncoding = 4; lastKnownFileType = sourcecode.swift; path = "UIView+Extension.swift"; sourceTree = "<group>"; };
		2586E1FD1D3F3E1B007C5178 /* String+Extension.swift */ = {isa = PBXFileReference; fileEncoding = 4; lastKnownFileType = sourcecode.swift; path = "String+Extension.swift"; sourceTree = "<group>"; };
		2586E2031D3F511B007C5178 /* YMTopicViewController.swift */ = {isa = PBXFileReference; fileEncoding = 4; lastKnownFileType = sourcecode.swift; path = YMTopicViewController.swift; sourceTree = "<group>"; };
		2586E2051D3F7C05007C5178 /* YMDetailViewController.swift */ = {isa = PBXFileReference; fileEncoding = 4; lastKnownFileType = sourcecode.swift; path = YMDetailViewController.swift; sourceTree = "<group>"; };
		2586E20B1D3F811E007C5178 /* YMLoginViewController.swift */ = {isa = PBXFileReference; fileEncoding = 4; lastKnownFileType = sourcecode.swift; path = YMLoginViewController.swift; sourceTree = "<group>"; };
		2586E20D1D3F820B007C5178 /* YMLoginViewController.xib */ = {isa = PBXFileReference; fileEncoding = 4; lastKnownFileType = file.xib; path = YMLoginViewController.xib; sourceTree = "<group>"; };
		25A285431D4705C10090498C /* YMSortCell.swift */ = {isa = PBXFileReference; fileEncoding = 4; lastKnownFileType = sourcecode.swift; path = YMSortCell.swift; sourceTree = "<group>"; };
		25A285441D4705C10090498C /* YMSortCell.xib */ = {isa = PBXFileReference; fileEncoding = 4; lastKnownFileType = file.xib; path = YMSortCell.xib; sourceTree = "<group>"; };
		25A285471D470A650090498C /* YMSearchRecord.swift */ = {isa = PBXFileReference; fileEncoding = 4; lastKnownFileType = sourcecode.swift; path = YMSearchRecord.swift; sourceTree = "<group>"; };
		25A285491D470C7E0090498C /* YMRefreshView.swift */ = {isa = PBXFileReference; fileEncoding = 4; lastKnownFileType = sourcecode.swift; path = YMRefreshView.swift; sourceTree = "<group>"; };
		25A2854D1D470C920090498C /* YMRefreshView.xib */ = {isa = PBXFileReference; fileEncoding = 4; lastKnownFileType = file.xib; path = YMRefreshView.xib; sourceTree = "<group>"; };
		25A2854F1D4711850090498C /* YMRefreshControl.swift */ = {isa = PBXFileReference; fileEncoding = 4; lastKnownFileType = sourcecode.swift; path = YMRefreshControl.swift; sourceTree = "<group>"; };
		25AD3B241D406580001610B7 /* YMRegisterViewController.swift */ = {isa = PBXFileReference; fileEncoding = 4; lastKnownFileType = sourcecode.swift; path = YMRegisterViewController.swift; sourceTree = "<group>"; };
		25AD3B251D406580001610B7 /* YMRegisterViewController.xib */ = {isa = PBXFileReference; fileEncoding = 4; lastKnownFileType = file.xib; path = YMRegisterViewController.xib; sourceTree = "<group>"; };
		25AD3B6D1D40B4DF001610B7 /* YMCollectionViewCell.swift */ = {isa = PBXFileReference; fileEncoding = 4; lastKnownFileType = sourcecode.swift; path = YMCollectionViewCell.swift; sourceTree = "<group>"; };
		25AD3B6E1D40B4DF001610B7 /* YMCollectionViewCell.xib */ = {isa = PBXFileReference; fileEncoding = 4; lastKnownFileType = file.xib; path = YMCollectionViewCell.xib; sourceTree = "<group>"; };
		25AD3B721D40B993001610B7 /* YMProduct.swift */ = {isa = PBXFileReference; fileEncoding = 4; lastKnownFileType = sourcecode.swift; path = YMProduct.swift; sourceTree = "<group>"; };
		25AD3B741D40CDD4001610B7 /* YMProductDetailViewController.swift */ = {isa = PBXFileReference; fileEncoding = 4; lastKnownFileType = sourcecode.swift; path = YMProductDetailViewController.swift; sourceTree = "<group>"; };
		25AD3B781D41C915001610B7 /* YMCollection.swift */ = {isa = PBXFileReference; fileEncoding = 4; lastKnownFileType = sourcecode.swift; path = YMCollection.swift; sourceTree = "<group>"; };
		25AD3B7A1D41CA20001610B7 /* YMGroup.swift */ = {isa = PBXFileReference; fileEncoding = 4; lastKnownFileType = sourcecode.swift; path = YMGroup.swift; sourceTree = "<group>"; };
		25AD3B7C1D41DDB4001610B7 /* YMVerticalButton.swift */ = {isa = PBXFileReference; fileEncoding = 4; lastKnownFileType = sourcecode.swift; path = YMVerticalButton.swift; sourceTree = "<group>"; };
		25AD3B801D41E80C001610B7 /* YMCategoryHeaderViewController.swift */ = {isa = PBXFileReference; fileEncoding = 4; lastKnownFileType = sourcecode.swift; path = YMCategoryHeaderViewController.swift; sourceTree = "<group>"; };
		25AD3B841D41EF46001610B7 /* YMCategoryCollectionViewCell.swift */ = {isa = PBXFileReference; fileEncoding = 4; lastKnownFileType = sourcecode.swift; path = YMCategoryCollectionViewCell.swift; sourceTree = "<group>"; };
		25AD3B851D41EF46001610B7 /* YMCategoryCollectionViewCell.xib */ = {isa = PBXFileReference; fileEncoding = 4; lastKnownFileType = file.xib; path = YMCategoryCollectionViewCell.xib; sourceTree = "<group>"; };
		25AD3B9A1D420A4F001610B7 /* YMTopHeaderView.swift */ = {isa = PBXFileReference; fileEncoding = 4; lastKnownFileType = sourcecode.swift; path = YMTopHeaderView.swift; sourceTree = "<group>"; };
		25AD3B9C1D420A59001610B7 /* YMTopHeaderView.xib */ = {isa = PBXFileReference; fileEncoding = 4; lastKnownFileType = file.xib; path = YMTopHeaderView.xib; sourceTree = "<group>"; };
		25AD3B9E1D420C90001610B7 /* YMSeeAllController.swift */ = {isa = PBXFileReference; fileEncoding = 4; lastKnownFileType = sourcecode.swift; path = YMSeeAllController.swift; sourceTree = "<group>"; };
		25AD3BAE1D45BEE3001610B7 /* YMSeeAllTopicCell.swift */ = {isa = PBXFileReference; fileEncoding = 4; lastKnownFileType = sourcecode.swift; path = YMSeeAllTopicCell.swift; sourceTree = "<group>"; };
		25AD3BAF1D45BEE3001610B7 /* YMSeeAllTopicCell.xib */ = {isa = PBXFileReference; fileEncoding = 4; lastKnownFileType = file.xib; path = YMSeeAllTopicCell.xib; sourceTree = "<group>"; };
		25AD3BB21D45C684001610B7 /* YMSeeAllController.xib */ = {isa = PBXFileReference; fileEncoding = 4; lastKnownFileType = file.xib; path = YMSeeAllController.xib; sourceTree = "<group>"; };
		25AD3BB41D45F54A001610B7 /* YMSearchViewController.swift */ = {isa = PBXFileReference; fileEncoding = 4; lastKnownFileType = sourcecode.swift; path = YMSearchViewController.swift; sourceTree = "<group>"; };
		25AD3BB61D460C46001610B7 /* YMSearchResult.swift */ = {isa = PBXFileReference; fileEncoding = 4; lastKnownFileType = sourcecode.swift; path = YMSearchResult.swift; sourceTree = "<group>"; };
		91EF270E66D496431DC127E0 /* Pods-DanTang.release.xcconfig */ = {isa = PBXFileReference; includeInIndex = 1; lastKnownFileType = text.xcconfig; name = "Pods-DanTang.release.xcconfig"; path = "Pods/Target Support Files/Pods-DanTang/Pods-DanTang.release.xcconfig"; sourceTree = "<group>"; };
		94A4410A1D4463A9005E73FE /* YMCategoryBottomView.swift */ = {isa = PBXFileReference; fileEncoding = 4; lastKnownFileType = sourcecode.swift; path = YMCategoryBottomView.swift; sourceTree = "<group>"; };
		94A4410C1D44FCD4005E73FE /* YMMeChoiceView.swift */ = {isa = PBXFileReference; fileEncoding = 4; lastKnownFileType = sourcecode.swift; path = YMMeChoiceView.swift; sourceTree = "<group>"; };
		94A441101D4509AC005E73FE /* UITableView+EmptyData.swift */ = {isa = PBXFileReference; fileEncoding = 4; lastKnownFileType = sourcecode.swift; path = "UITableView+EmptyData.swift"; sourceTree = "<group>"; };
		94A441121D451096005E73FE /* YMMeFooterView.swift */ = {isa = PBXFileReference; fileEncoding = 4; lastKnownFileType = sourcecode.swift; path = YMMeFooterView.swift; sourceTree = "<group>"; };
		94A4415A1D46547D005E73FE /* YMSortTableView.swift */ = {isa = PBXFileReference; fileEncoding = 4; lastKnownFileType = sourcecode.swift; path = YMSortTableView.swift; sourceTree = "<group>"; };
		94E044B21D3E7B1300BCB4B1 /* YMCategoryViewController.swift */ = {isa = PBXFileReference; fileEncoding = 4; lastKnownFileType = sourcecode.swift; path = YMCategoryViewController.swift; sourceTree = "<group>"; };
		94E044B51D3E7B1300BCB4B1 /* YMDanTangViewController.swift */ = {isa = PBXFileReference; fileEncoding = 4; lastKnownFileType = sourcecode.swift; path = YMDanTangViewController.swift; sourceTree = "<group>"; };
		94E044B91D3E7B1300BCB4B1 /* YMMeViewController.swift */ = {isa = PBXFileReference; fileEncoding = 4; lastKnownFileType = sourcecode.swift; path = YMMeViewController.swift; sourceTree = "<group>"; };
		94E044BB1D3E7B1300BCB4B1 /* AppDelegate.swift */ = {isa = PBXFileReference; fileEncoding = 4; lastKnownFileType = sourcecode.swift; path = AppDelegate.swift; sourceTree = "<group>"; };
		94E044BC1D3E7B1300BCB4B1 /* Info.plist */ = {isa = PBXFileReference; fileEncoding = 4; lastKnownFileType = text.plist.xml; path = Info.plist; sourceTree = "<group>"; };
		94E044BF1D3E7B1300BCB4B1 /* YMProductViewController.swift */ = {isa = PBXFileReference; fileEncoding = 4; lastKnownFileType = sourcecode.swift; path = YMProductViewController.swift; sourceTree = "<group>"; };
		94E044D01D3E7D9600BCB4B1 /* YMTabBarController.swift */ = {isa = PBXFileReference; fileEncoding = 4; lastKnownFileType = sourcecode.swift; path = YMTabBarController.swift; sourceTree = "<group>"; };
		94E044D21D3E7DA900BCB4B1 /* YMNavigationController.swift */ = {isa = PBXFileReference; fileEncoding = 4; lastKnownFileType = sourcecode.swift; path = YMNavigationController.swift; sourceTree = "<group>"; };
		94E044D41D42F27400BCB4B1 /* YMMessageViewController.swift */ = {isa = PBXFileReference; fileEncoding = 4; lastKnownFileType = sourcecode.swift; path = YMMessageViewController.swift; sourceTree = "<group>"; };
		94E044D61D42F27E00BCB4B1 /* YMSettingViewController.swift */ = {isa = PBXFileReference; fileEncoding = 4; lastKnownFileType = sourcecode.swift; path = YMSettingViewController.swift; sourceTree = "<group>"; };
		94E044D91D42F75800BCB4B1 /* YMMineHeaderView.swift */ = {isa = PBXFileReference; fileEncoding = 4; lastKnownFileType = sourcecode.swift; path = YMMineHeaderView.swift; sourceTree = "<group>"; };
		94E044DB1D430B1900BCB4B1 /* SettingCell.plist */ = {isa = PBXFileReference; fileEncoding = 4; lastKnownFileType = text.plist.xml; path = SettingCell.plist; sourceTree = "<group>"; };
		94E044DE1D430E4700BCB4B1 /* YMSetting.swift */ = {isa = PBXFileReference; fileEncoding = 4; lastKnownFileType = sourcecode.swift; path = YMSetting.swift; sourceTree = "<group>"; };
		94E044E01D4315D800BCB4B1 /* YMSettingCell.swift */ = {isa = PBXFileReference; fileEncoding = 4; lastKnownFileType = sourcecode.swift; path = YMSettingCell.swift; sourceTree = "<group>"; };
		94E044E11D4315D800BCB4B1 /* YMSettingCell.xib */ = {isa = PBXFileReference; fileEncoding = 4; lastKnownFileType = file.xib; path = YMSettingCell.xib; sourceTree = "<group>"; };
		94E66C0F1D433EC7009E9609 /* YMProductDetailToolBar.swift */ = {isa = PBXFileReference; fileEncoding = 4; lastKnownFileType = sourcecode.swift; path = YMProductDetailToolBar.swift; sourceTree = "<group>"; };
		94E66C111D433ECF009E9609 /* YMProductDetailToolBar.xib */ = {isa = PBXFileReference; fileEncoding = 4; lastKnownFileType = file.xib; path = YMProductDetailToolBar.xib; sourceTree = "<group>"; };
		94E66C131D434571009E9609 /* YMActionSheet.swift */ = {isa = PBXFileReference; fileEncoding = 4; lastKnownFileType = sourcecode.swift; path = YMActionSheet.swift; sourceTree = "<group>"; };
		94E66C151D439D62009E9609 /* YMShareButtonView.swift */ = {isa = PBXFileReference; fileEncoding = 4; lastKnownFileType = sourcecode.swift; path = YMShareButtonView.swift; sourceTree = "<group>"; };
		94E66C171D43AF37009E9609 /* YMTMALLViewController.swift */ = {isa = PBXFileReference; fileEncoding = 4; lastKnownFileType = sourcecode.swift; path = YMTMALLViewController.swift; sourceTree = "<group>"; };
		94E66C181D43AF37009E9609 /* YMTMALLViewController.xib */ = {isa = PBXFileReference; fileEncoding = 4; lastKnownFileType = file.xib; path = YMTMALLViewController.xib; sourceTree = "<group>"; };
		94E66C1B1D43B531009E9609 /* YMNewfeatureViewController.swift */ = {isa = PBXFileReference; fileEncoding = 4; lastKnownFileType = sourcecode.swift; path = YMNewfeatureViewController.swift; sourceTree = "<group>"; };
		94E66C1D1D444B3F009E9609 /* YMCollectionDetailController.swift */ = {isa = PBXFileReference; fileEncoding = 4; lastKnownFileType = sourcecode.swift; path = YMCollectionDetailController.swift; sourceTree = "<group>"; };
		94E66C1E1D444B3F009E9609 /* YMCollectionDetailController.xib */ = {isa = PBXFileReference; fileEncoding = 4; lastKnownFileType = file.xib; path = YMCollectionDetailController.xib; sourceTree = "<group>"; };
		94E66C211D444FC3009E9609 /* YMCollectionTableViewCell.swift */ = {isa = PBXFileReference; fileEncoding = 4; lastKnownFileType = sourcecode.swift; path = YMCollectionTableViewCell.swift; sourceTree = "<group>"; };
		94E66C221D444FC3009E9609 /* YMCollectionTableViewCell.xib */ = {isa = PBXFileReference; fileEncoding = 4; lastKnownFileType = file.xib; path = YMCollectionTableViewCell.xib; sourceTree = "<group>"; };
		94E66C251D4452DD009E9609 /* YMCollectionPost.swift */ = {isa = PBXFileReference; fileEncoding = 4; lastKnownFileType = sourcecode.swift; path = YMCollectionPost.swift; sourceTree = "<group>"; };
		94E66C271D4459F0009E9609 /* YMPostDetailViewController.swift */ = {isa = PBXFileReference; fileEncoding = 4; lastKnownFileType = sourcecode.swift; path = YMPostDetailViewController.swift; sourceTree = "<group>"; };
		94E66C281D4459F0009E9609 /* YMPostDetailViewController.xib */ = {isa = PBXFileReference; fileEncoding = 4; lastKnownFileType = file.xib; path = YMPostDetailViewController.xib; sourceTree = "<group>"; };
/* End PBXFileReference section */

/* Begin PBXFrameworksBuildPhase section */
		2500418D1D3DD15D00994B58 /* Frameworks */ = {
			isa = PBXFrameworksBuildPhase;
			buildActionMask = 2147483647;
			files = (
				F49ED7EC25B9CAC63FEB5100 /* Pods_DanTang.framework in Frameworks */,
			);
			runOnlyForDeploymentPostprocessing = 0;
		};
		250041A11D3DD15D00994B58 /* Frameworks */ = {
			isa = PBXFrameworksBuildPhase;
			buildActionMask = 2147483647;
			files = (
			);
			runOnlyForDeploymentPostprocessing = 0;
		};
		250041AC1D3DD15D00994B58 /* Frameworks */ = {
			isa = PBXFrameworksBuildPhase;
			buildActionMask = 2147483647;
			files = (
			);
			runOnlyForDeploymentPostprocessing = 0;
		};
/* End PBXFrameworksBuildPhase section */

/* Begin PBXGroup section */
		250041871D3DD15D00994B58 = {
			isa = PBXGroup;
			children = (
				250041921D3DD15D00994B58 /* DanTang */,
				250041A71D3DD15D00994B58 /* DanTangTests */,
				250041B21D3DD15D00994B58 /* DanTangUITests */,
				250041911D3DD15D00994B58 /* Products */,
				897123692A8351DD9B82F159 /* Pods */,
				71334DDCB8E57963AC7AE1DC /* Frameworks */,
			);
			sourceTree = "<group>";
		};
		250041911D3DD15D00994B58 /* Products */ = {
			isa = PBXGroup;
			children = (
				250041901D3DD15D00994B58 /* DanTang.app */,
				250041A41D3DD15D00994B58 /* DanTangTests.xctest */,
				250041AF1D3DD15D00994B58 /* DanTangUITests.xctest */,
			);
			name = Products;
			sourceTree = "<group>";
		};
		250041921D3DD15D00994B58 /* DanTang */ = {
			isa = PBXGroup;
			children = (
				94E044AF1D3E7B1300BCB4B1 /* Classes */,
				2500419A1D3DD15D00994B58 /* Assets.xcassets */,
			);
			path = DanTang;
			sourceTree = "<group>";
		};
		250041A71D3DD15D00994B58 /* DanTangTests */ = {
			isa = PBXGroup;
			children = (
				250041A81D3DD15D00994B58 /* DanTangTests.swift */,
				250041AA1D3DD15D00994B58 /* Info.plist */,
			);
			path = DanTangTests;
			sourceTree = "<group>";
		};
		250041B21D3DD15D00994B58 /* DanTangUITests */ = {
			isa = PBXGroup;
			children = (
				250041B31D3DD15D00994B58 /* DanTangUITests.swift */,
				250041B51D3DD15D00994B58 /* Info.plist */,
			);
			path = DanTangUITests;
			sourceTree = "<group>";
		};
		2586E1E91D3F243A007C5178 /* Tools */ = {
			isa = PBXGroup;
			children = (
				2586E1EA1D3F2453007C5178 /* YMConst.swift */,
				2586E1EC1D3F246D007C5178 /* YMNetworkTool.swift */,
			);
			path = Tools;
			sourceTree = "<group>";
		};
		2586E1EE1D3F2826007C5178 /* Model */ = {
			isa = PBXGroup;
			children = (
				2586E1EF1D3F2854007C5178 /* YMHomeItem.swift */,
				2586E1F81D3F3734007C5178 /* YMChannel.swift */,
				25AD3BB61D460C46001610B7 /* YMSearchResult.swift */,
			);
			path = Model;
			sourceTree = "<group>";
		};
		2586E1F11D3F303D007C5178 /* View */ = {
			isa = PBXGroup;
			children = (
				2586E1F21D3F305C007C5178 /* YMHomeCell.swift */,
				2586E1F61D3F3327007C5178 /* YMHomeCell.xib */,
				94A4415A1D46547D005E73FE /* YMSortTableView.swift */,
				25A285431D4705C10090498C /* YMSortCell.swift */,
				25A285441D4705C10090498C /* YMSortCell.xib */,
				25A285471D470A650090498C /* YMSearchRecord.swift */,
				25A285491D470C7E0090498C /* YMRefreshView.swift */,
				25A2854D1D470C920090498C /* YMRefreshView.xib */,
				25A2854F1D4711850090498C /* YMRefreshControl.swift */,
			);
			path = View;
			sourceTree = "<group>";
		};
		2586E1FA1D3F3DFC007C5178 /* Category */ = {
			isa = PBXGroup;
			children = (
				2586E1FD1D3F3E1B007C5178 /* String+Extension.swift */,
				2586E1FB1D3F3E0E007C5178 /* UIView+Extension.swift */,
				94A441101D4509AC005E73FE /* UITableView+EmptyData.swift */,
			);
			path = Category;
			sourceTree = "<group>";
		};
		2586E2091D3F810C007C5178 /* Login&Register */ = {
			isa = PBXGroup;
			children = (
				2586E20A1D3F810C007C5178 /* Controller */,
			);
			path = "Login&Register";
			sourceTree = "<group>";
		};
		2586E20A1D3F810C007C5178 /* Controller */ = {
			isa = PBXGroup;
			children = (
				2586E20B1D3F811E007C5178 /* YMLoginViewController.swift */,
				2586E20D1D3F820B007C5178 /* YMLoginViewController.xib */,
				25AD3B241D406580001610B7 /* YMRegisterViewController.swift */,
				25AD3B251D406580001610B7 /* YMRegisterViewController.xib */,
				94E66C1B1D43B531009E9609 /* YMNewfeatureViewController.swift */,
			);
			path = Controller;
			sourceTree = "<group>";
		};
		25AD3B6C1D40B4D9001610B7 /* View */ = {
			isa = PBXGroup;
			children = (
				25AD3B6D1D40B4DF001610B7 /* YMCollectionViewCell.swift */,
				25AD3B6E1D40B4DF001610B7 /* YMCollectionViewCell.xib */,
				94E66C0F1D433EC7009E9609 /* YMProductDetailToolBar.swift */,
				94E66C111D433ECF009E9609 /* YMProductDetailToolBar.xib */,
				94E66C131D434571009E9609 /* YMActionSheet.swift */,
				94E66C151D439D62009E9609 /* YMShareButtonView.swift */,
			);
			path = View;
			sourceTree = "<group>";
		};
		25AD3B711D40B984001610B7 /* Model */ = {
			isa = PBXGroup;
			children = (
				25AD3B721D40B993001610B7 /* YMProduct.swift */,
			);
			path = Model;
			sourceTree = "<group>";
		};
		25AD3B761D41C8F3001610B7 /* Model */ = {
			isa = PBXGroup;
			children = (
				25AD3B781D41C915001610B7 /* YMCollection.swift */,
				25AD3B7A1D41CA20001610B7 /* YMGroup.swift */,
				94E66C251D4452DD009E9609 /* YMCollectionPost.swift */,
			);
			path = Model;
			sourceTree = "<group>";
		};
		25AD3B771D41C8F3001610B7 /* View */ = {
			isa = PBXGroup;
			children = (
				25AD3B7C1D41DDB4001610B7 /* YMVerticalButton.swift */,
				25AD3B841D41EF46001610B7 /* YMCategoryCollectionViewCell.swift */,
				25AD3B851D41EF46001610B7 /* YMCategoryCollectionViewCell.xib */,
				25AD3B9A1D420A4F001610B7 /* YMTopHeaderView.swift */,
				25AD3B9C1D420A59001610B7 /* YMTopHeaderView.xib */,
				94E66C211D444FC3009E9609 /* YMCollectionTableViewCell.swift */,
				94E66C221D444FC3009E9609 /* YMCollectionTableViewCell.xib */,
				94A4410A1D4463A9005E73FE /* YMCategoryBottomView.swift */,
				25AD3BAE1D45BEE3001610B7 /* YMSeeAllTopicCell.swift */,
				25AD3BAF1D45BEE3001610B7 /* YMSeeAllTopicCell.xib */,
			);
			path = View;
			sourceTree = "<group>";
		};
		71334DDCB8E57963AC7AE1DC /* Frameworks */ = {
			isa = PBXGroup;
			children = (
				053967763D40EE721AE073DA /* Pods_DanTang.framework */,
			);
			name = Frameworks;
			sourceTree = "<group>";
		};
		897123692A8351DD9B82F159 /* Pods */ = {
			isa = PBXGroup;
			children = (
				1AC7FCCCC457EC50FC9CBF46 /* Pods-DanTang.debug.xcconfig */,
				91EF270E66D496431DC127E0 /* Pods-DanTang.release.xcconfig */,
			);
			name = Pods;
			sourceTree = "<group>";
		};
		94E044AF1D3E7B1300BCB4B1 /* Classes */ = {
			isa = PBXGroup;
			children = (
				2586E2091D3F810C007C5178 /* Login&Register */,
				94E044B31D3E7B1300BCB4B1 /* DanTang(单糖) */,
				94E044BD1D3E7B1300BCB4B1 /* Product(单品) */,
				94E044B01D3E7B1300BCB4B1 /* Classify(分类) */,
				94E044B71D3E7B1300BCB4B1 /* Me(我) */,
				94E044B61D3E7B1300BCB4B1 /* Main */,
				94E044BA1D3E7B1300BCB4B1 /* Others */,
			);
			path = Classes;
			sourceTree = "<group>";
		};
		94E044B01D3E7B1300BCB4B1 /* Classify(分类) */ = {
			isa = PBXGroup;
			children = (
				25AD3B761D41C8F3001610B7 /* Model */,
				25AD3B771D41C8F3001610B7 /* View */,
				94E044B11D3E7B1300BCB4B1 /* Controller */,
			);
			name = "Classify(分类)";
			path = Classify;
			sourceTree = "<group>";
		};
		94E044B11D3E7B1300BCB4B1 /* Controller */ = {
			isa = PBXGroup;
			children = (
				94E044B21D3E7B1300BCB4B1 /* YMCategoryViewController.swift */,
				25AD3B801D41E80C001610B7 /* YMCategoryHeaderViewController.swift */,
				25AD3B9E1D420C90001610B7 /* YMSeeAllController.swift */,
				25AD3BB21D45C684001610B7 /* YMSeeAllController.xib */,
				94E66C1D1D444B3F009E9609 /* YMCollectionDetailController.swift */,
				94E66C1E1D444B3F009E9609 /* YMCollectionDetailController.xib */,
				94E66C271D4459F0009E9609 /* YMPostDetailViewController.swift */,
				94E66C281D4459F0009E9609 /* YMPostDetailViewController.xib */,
			);
			path = Controller;
			sourceTree = "<group>";
		};
		94E044B31D3E7B1300BCB4B1 /* DanTang(单糖) */ = {
			isa = PBXGroup;
			children = (
				2586E1F11D3F303D007C5178 /* View */,
				2586E1EE1D3F2826007C5178 /* Model */,
				94E044B41D3E7B1300BCB4B1 /* Controller */,
			);
			name = "DanTang(单糖)";
			path = DanTang;
			sourceTree = "<group>";
		};
		94E044B41D3E7B1300BCB4B1 /* Controller */ = {
			isa = PBXGroup;
			children = (
				94E044B51D3E7B1300BCB4B1 /* YMDanTangViewController.swift */,
				2586E2031D3F511B007C5178 /* YMTopicViewController.swift */,
				2586E2051D3F7C05007C5178 /* YMDetailViewController.swift */,
				25AD3BB41D45F54A001610B7 /* YMSearchViewController.swift */,
			);
			path = Controller;
			sourceTree = "<group>";
		};
		94E044B61D3E7B1300BCB4B1 /* Main */ = {
			isa = PBXGroup;
			children = (
				2586E1FA1D3F3DFC007C5178 /* Category */,
				2586E1E91D3F243A007C5178 /* Tools */,
				94E044CF1D3E7D7B00BCB4B1 /* Controller */,
			);
			path = Main;
			sourceTree = "<group>";
		};
		94E044B71D3E7B1300BCB4B1 /* Me(我) */ = {
			isa = PBXGroup;
			children = (
				94E044DD1D430E3900BCB4B1 /* Model */,
				94E044D81D42F74500BCB4B1 /* View */,
				94E044B81D3E7B1300BCB4B1 /* Controller */,
			);
			name = "Me(我)";
			path = Me;
			sourceTree = "<group>";
		};
		94E044B81D3E7B1300BCB4B1 /* Controller */ = {
			isa = PBXGroup;
			children = (
				94E044B91D3E7B1300BCB4B1 /* YMMeViewController.swift */,
				94E044D41D42F27400BCB4B1 /* YMMessageViewController.swift */,
				94E044D61D42F27E00BCB4B1 /* YMSettingViewController.swift */,
			);
			path = Controller;
			sourceTree = "<group>";
		};
		94E044BA1D3E7B1300BCB4B1 /* Others */ = {
			isa = PBXGroup;
			children = (
				94E044BB1D3E7B1300BCB4B1 /* AppDelegate.swift */,
				94E044BC1D3E7B1300BCB4B1 /* Info.plist */,
				94E044DB1D430B1900BCB4B1 /* SettingCell.plist */,
			);
			path = Others;
			sourceTree = "<group>";
		};
		94E044BD1D3E7B1300BCB4B1 /* Product(单品) */ = {
			isa = PBXGroup;
			children = (
				25AD3B711D40B984001610B7 /* Model */,
				25AD3B6C1D40B4D9001610B7 /* View */,
				94E044BE1D3E7B1300BCB4B1 /* Controller */,
			);
			name = "Product(单品)";
			path = Product;
			sourceTree = "<group>";
		};
		94E044BE1D3E7B1300BCB4B1 /* Controller */ = {
			isa = PBXGroup;
			children = (
				94E044BF1D3E7B1300BCB4B1 /* YMProductViewController.swift */,
				25AD3B741D40CDD4001610B7 /* YMProductDetailViewController.swift */,
				94E66C171D43AF37009E9609 /* YMTMALLViewController.swift */,
				94E66C181D43AF37009E9609 /* YMTMALLViewController.xib */,
			);
			path = Controller;
			sourceTree = "<group>";
		};
		94E044CF1D3E7D7B00BCB4B1 /* Controller */ = {
			isa = PBXGroup;
			children = (
				2586E1F41D3F3260007C5178 /* YMBaseViewController.swift */,
				94E044D01D3E7D9600BCB4B1 /* YMTabBarController.swift */,
				94E044D21D3E7DA900BCB4B1 /* YMNavigationController.swift */,
			);
			path = Controller;
			sourceTree = "<group>";
		};
		94E044D81D42F74500BCB4B1 /* View */ = {
			isa = PBXGroup;
			children = (
				94E044D91D42F75800BCB4B1 /* YMMineHeaderView.swift */,
				94E044E01D4315D800BCB4B1 /* YMSettingCell.swift */,
				94E044E11D4315D800BCB4B1 /* YMSettingCell.xib */,
				94A4410C1D44FCD4005E73FE /* YMMeChoiceView.swift */,
				94A441121D451096005E73FE /* YMMeFooterView.swift */,
			);
			path = View;
			sourceTree = "<group>";
		};
		94E044DD1D430E3900BCB4B1 /* Model */ = {
			isa = PBXGroup;
			children = (
				94E044DE1D430E4700BCB4B1 /* YMSetting.swift */,
			);
			path = Model;
			sourceTree = "<group>";
		};
/* End PBXGroup section */

/* Begin PBXNativeTarget section */
		2500418F1D3DD15D00994B58 /* DanTang */ = {
			isa = PBXNativeTarget;
			buildConfigurationList = 250041B81D3DD15D00994B58 /* Build configuration list for PBXNativeTarget "DanTang" */;
			buildPhases = (
				8C2AA6E135B9E57F7CA4C15B /* Check Pods Manifest.lock */,
				2500418C1D3DD15D00994B58 /* Sources */,
				2500418D1D3DD15D00994B58 /* Frameworks */,
				2500418E1D3DD15D00994B58 /* Resources */,
				CD4BB2CB2EF7B62E6AFCD401 /* Embed Pods Frameworks */,
				5B460329EE786A3126AB2760 /* Copy Pods Resources */,
			);
			buildRules = (
			);
			dependencies = (
			);
			name = DanTang;
			productName = DanTang;
			productReference = 250041901D3DD15D00994B58 /* DanTang.app */;
			productType = "com.apple.product-type.application";
		};
		250041A31D3DD15D00994B58 /* DanTangTests */ = {
			isa = PBXNativeTarget;
			buildConfigurationList = 250041BB1D3DD15D00994B58 /* Build configuration list for PBXNativeTarget "DanTangTests" */;
			buildPhases = (
				250041A01D3DD15D00994B58 /* Sources */,
				250041A11D3DD15D00994B58 /* Frameworks */,
				250041A21D3DD15D00994B58 /* Resources */,
			);
			buildRules = (
			);
			dependencies = (
				250041A61D3DD15D00994B58 /* PBXTargetDependency */,
			);
			name = DanTangTests;
			productName = DanTangTests;
			productReference = 250041A41D3DD15D00994B58 /* DanTangTests.xctest */;
			productType = "com.apple.product-type.bundle.unit-test";
		};
		250041AE1D3DD15D00994B58 /* DanTangUITests */ = {
			isa = PBXNativeTarget;
			buildConfigurationList = 250041BE1D3DD15D00994B58 /* Build configuration list for PBXNativeTarget "DanTangUITests" */;
			buildPhases = (
				250041AB1D3DD15D00994B58 /* Sources */,
				250041AC1D3DD15D00994B58 /* Frameworks */,
				250041AD1D3DD15D00994B58 /* Resources */,
			);
			buildRules = (
			);
			dependencies = (
				250041B11D3DD15D00994B58 /* PBXTargetDependency */,
			);
			name = DanTangUITests;
			productName = DanTangUITests;
			productReference = 250041AF1D3DD15D00994B58 /* DanTangUITests.xctest */;
			productType = "com.apple.product-type.bundle.ui-testing";
		};
/* End PBXNativeTarget section */

/* Begin PBXProject section */
		250041881D3DD15D00994B58 /* Project object */ = {
			isa = PBXProject;
			attributes = {
				CLASSPREFIX = YM;
				LastSwiftUpdateCheck = 0730;
				LastUpgradeCheck = 0730;
				ORGANIZATIONNAME = hrscy;
				TargetAttributes = {
					2500418F1D3DD15D00994B58 = {
						CreatedOnToolsVersion = 7.3.1;
					};
					250041A31D3DD15D00994B58 = {
						CreatedOnToolsVersion = 7.3.1;
						TestTargetID = 2500418F1D3DD15D00994B58;
					};
					250041AE1D3DD15D00994B58 = {
						CreatedOnToolsVersion = 7.3.1;
						TestTargetID = 2500418F1D3DD15D00994B58;
					};
				};
			};
			buildConfigurationList = 2500418B1D3DD15D00994B58 /* Build configuration list for PBXProject "DanTang" */;
			compatibilityVersion = "Xcode 3.2";
			developmentRegion = English;
			hasScannedForEncodings = 0;
			knownRegions = (
				en,
				Base,
			);
			mainGroup = 250041871D3DD15D00994B58;
			productRefGroup = 250041911D3DD15D00994B58 /* Products */;
			projectDirPath = "";
			projectRoot = "";
			targets = (
				2500418F1D3DD15D00994B58 /* DanTang */,
				250041A31D3DD15D00994B58 /* DanTangTests */,
				250041AE1D3DD15D00994B58 /* DanTangUITests */,
			);
		};
/* End PBXProject section */

/* Begin PBXResourcesBuildPhase section */
		2500418E1D3DD15D00994B58 /* Resources */ = {
			isa = PBXResourcesBuildPhase;
			buildActionMask = 2147483647;
			files = (
				25AD3B271D406580001610B7 /* YMRegisterViewController.xib in Resources */,
				25AD3B9D1D420A59001610B7 /* YMTopHeaderView.xib in Resources */,
				2586E20E1D3F820B007C5178 /* YMLoginViewController.xib in Resources */,
				94E66C2A1D4459F0009E9609 /* YMPostDetailViewController.xib in Resources */,
				25AD3B701D40B4DF001610B7 /* YMCollectionViewCell.xib in Resources */,
				25AD3BB11D45BEE3001610B7 /* YMSeeAllTopicCell.xib in Resources */,
				94E66C241D444FC3009E9609 /* YMCollectionTableViewCell.xib in Resources */,
				2586E1F71D3F3327007C5178 /* YMHomeCell.xib in Resources */,
				94E044C91D3E7B1300BCB4B1 /* Info.plist in Resources */,
				25A285461D4705C10090498C /* YMSortCell.xib in Resources */,
				25A2854E1D470C920090498C /* YMRefreshView.xib in Resources */,
				94E66C201D444B3F009E9609 /* YMCollectionDetailController.xib in Resources */,
				25AD3B871D41EF46001610B7 /* YMCategoryCollectionViewCell.xib in Resources */,
				25AD3BB31D45C684001610B7 /* YMSeeAllController.xib in Resources */,
				94E044DC1D430B1900BCB4B1 /* SettingCell.plist in Resources */,
				2500419B1D3DD15D00994B58 /* Assets.xcassets in Resources */,
				94E044E31D4315D800BCB4B1 /* YMSettingCell.xib in Resources */,
				94E66C1A1D43AF37009E9609 /* YMTMALLViewController.xib in Resources */,
				94E66C121D433ECF009E9609 /* YMProductDetailToolBar.xib in Resources */,
			);
			runOnlyForDeploymentPostprocessing = 0;
		};
		250041A21D3DD15D00994B58 /* Resources */ = {
			isa = PBXResourcesBuildPhase;
			buildActionMask = 2147483647;
			files = (
			);
			runOnlyForDeploymentPostprocessing = 0;
		};
		250041AD1D3DD15D00994B58 /* Resources */ = {
			isa = PBXResourcesBuildPhase;
			buildActionMask = 2147483647;
			files = (
			);
			runOnlyForDeploymentPostprocessing = 0;
		};
/* End PBXResourcesBuildPhase section */

/* Begin PBXShellScriptBuildPhase section */
		5B460329EE786A3126AB2760 /* Copy Pods Resources */ = {
			isa = PBXShellScriptBuildPhase;
			buildActionMask = 2147483647;
			files = (
			);
			inputPaths = (
			);
			name = "Copy Pods Resources";
			outputPaths = (
			);
			runOnlyForDeploymentPostprocessing = 0;
			shellPath = /bin/sh;
			shellScript = "\"${SRCROOT}/Pods/Target Support Files/Pods-DanTang/Pods-DanTang-resources.sh\"\n";
			showEnvVarsInLog = 0;
		};
		8C2AA6E135B9E57F7CA4C15B /* Check Pods Manifest.lock */ = {
			isa = PBXShellScriptBuildPhase;
			buildActionMask = 2147483647;
			files = (
			);
			inputPaths = (
			);
			name = "Check Pods Manifest.lock";
			outputPaths = (
			);
			runOnlyForDeploymentPostprocessing = 0;
			shellPath = /bin/sh;
			shellScript = "diff \"${PODS_ROOT}/../Podfile.lock\" \"${PODS_ROOT}/Manifest.lock\" > /dev/null\nif [[ $? != 0 ]] ; then\n    cat << EOM\nerror: The sandbox is not in sync with the Podfile.lock. Run 'pod install' or update your CocoaPods installation.\nEOM\n    exit 1\nfi\n";
			showEnvVarsInLog = 0;
		};
		CD4BB2CB2EF7B62E6AFCD401 /* Embed Pods Frameworks */ = {
			isa = PBXShellScriptBuildPhase;
			buildActionMask = 2147483647;
			files = (
			);
			inputPaths = (
			);
			name = "Embed Pods Frameworks";
			outputPaths = (
			);
			runOnlyForDeploymentPostprocessing = 0;
			shellPath = /bin/sh;
			shellScript = "\"${SRCROOT}/Pods/Target Support Files/Pods-DanTang/Pods-DanTang-frameworks.sh\"\n";
			showEnvVarsInLog = 0;
		};
/* End PBXShellScriptBuildPhase section */

/* Begin PBXSourcesBuildPhase section */
		2500418C1D3DD15D00994B58 /* Sources */ = {
			isa = PBXSourcesBuildPhase;
			buildActionMask = 2147483647;
			files = (
				94E044E21D4315D800BCB4B1 /* YMSettingCell.swift in Sources */,
				2586E1F31D3F305C007C5178 /* YMHomeCell.swift in Sources */,
				94E66C291D4459F0009E9609 /* YMPostDetailViewController.swift in Sources */,
				94A4410B1D4463A9005E73FE /* YMCategoryBottomView.swift in Sources */,
				94E044C81D3E7B1300BCB4B1 /* AppDelegate.swift in Sources */,
				94E044D11D3E7D9600BCB4B1 /* YMTabBarController.swift in Sources */,
				94E66C1F1D444B3F009E9609 /* YMCollectionDetailController.swift in Sources */,
				94E66C191D43AF37009E9609 /* YMTMALLViewController.swift in Sources */,
				25AD3BB01D45BEE3001610B7 /* YMSeeAllTopicCell.swift in Sources */,
				2586E2061D3F7C05007C5178 /* YMDetailViewController.swift in Sources */,
				94A441131D451096005E73FE /* YMMeFooterView.swift in Sources */,
				25AD3B9F1D420C90001610B7 /* YMSeeAllController.swift in Sources */,
				94E044D31D3E7DA900BCB4B1 /* YMNavigationController.swift in Sources */,
				94E044C61D3E7B1300BCB4B1 /* YMDanTangViewController.swift in Sources */,
				94A4410D1D44FCD4005E73FE /* YMMeChoiceView.swift in Sources */,
				25A285501D4711850090498C /* YMRefreshControl.swift in Sources */,
				25AD3B7D1D41DDB4001610B7 /* YMVerticalButton.swift in Sources */,
				25AD3B751D40CDD4001610B7 /* YMProductDetailViewController.swift in Sources */,
				25AD3B9B1D420A4F001610B7 /* YMTopHeaderView.swift in Sources */,
				25AD3B261D406580001610B7 /* YMRegisterViewController.swift in Sources */,
				2586E1F51D3F3260007C5178 /* YMBaseViewController.swift in Sources */,
				94E044C51D3E7B1300BCB4B1 /* YMCategoryViewController.swift in Sources */,
				25AD3B7B1D41CA20001610B7 /* YMGroup.swift in Sources */,
				94A4415B1D46547D005E73FE /* YMSortTableView.swift in Sources */,
				94E66C141D434571009E9609 /* YMActionSheet.swift in Sources */,
				25A2854A1D470C7E0090498C /* YMRefreshView.swift in Sources */,
				2586E1ED1D3F246D007C5178 /* YMNetworkTool.swift in Sources */,
				2586E1FC1D3F3E0E007C5178 /* UIView+Extension.swift in Sources */,
				94A441111D4509AC005E73FE /* UITableView+EmptyData.swift in Sources */,
				94E66C161D439D62009E9609 /* YMShareButtonView.swift in Sources */,
				2586E20C1D3F811E007C5178 /* YMLoginViewController.swift in Sources */,
				94E044D51D42F27400BCB4B1 /* YMMessageViewController.swift in Sources */,
				25A285481D470A650090498C /* YMSearchRecord.swift in Sources */,
				2586E1EB1D3F2453007C5178 /* YMConst.swift in Sources */,
				25AD3B861D41EF46001610B7 /* YMCategoryCollectionViewCell.swift in Sources */,
				94E044CA1D3E7B1300BCB4B1 /* YMProductViewController.swift in Sources */,
				94E044C71D3E7B1300BCB4B1 /* YMMeViewController.swift in Sources */,
				94E044D71D42F27E00BCB4B1 /* YMSettingViewController.swift in Sources */,
				2586E2041D3F511B007C5178 /* YMTopicViewController.swift in Sources */,
				2586E1F91D3F3734007C5178 /* YMChannel.swift in Sources */,
				25A285451D4705C10090498C /* YMSortCell.swift in Sources */,
				25AD3B6F1D40B4DF001610B7 /* YMCollectionViewCell.swift in Sources */,
				25AD3B811D41E80C001610B7 /* YMCategoryHeaderViewController.swift in Sources */,
				94E66C1C1D43B531009E9609 /* YMNewfeatureViewController.swift in Sources */,
				2586E1FE1D3F3E1B007C5178 /* String+Extension.swift in Sources */,
				94E66C261D4452DD009E9609 /* YMCollectionPost.swift in Sources */,
				2586E1F01D3F2854007C5178 /* YMHomeItem.swift in Sources */,
				94E044DA1D42F75800BCB4B1 /* YMMineHeaderView.swift in Sources */,
				94E66C101D433EC7009E9609 /* YMProductDetailToolBar.swift in Sources */,
				25AD3B731D40B993001610B7 /* YMProduct.swift in Sources */,
				25AD3BB51D45F54A001610B7 /* YMSearchViewController.swift in Sources */,
				94E044DF1D430E4700BCB4B1 /* YMSetting.swift in Sources */,
				25AD3B791D41C915001610B7 /* YMCollection.swift in Sources */,
				25AD3BB71D460C46001610B7 /* YMSearchResult.swift in Sources */,
				94E66C231D444FC3009E9609 /* YMCollectionTableViewCell.swift in Sources */,
			);
			runOnlyForDeploymentPostprocessing = 0;
		};
		250041A01D3DD15D00994B58 /* Sources */ = {
			isa = PBXSourcesBuildPhase;
			buildActionMask = 2147483647;
			files = (
				250041A91D3DD15D00994B58 /* DanTangTests.swift in Sources */,
			);
			runOnlyForDeploymentPostprocessing = 0;
		};
		250041AB1D3DD15D00994B58 /* Sources */ = {
			isa = PBXSourcesBuildPhase;
			buildActionMask = 2147483647;
			files = (
				250041B41D3DD15D00994B58 /* DanTangUITests.swift in Sources */,
			);
			runOnlyForDeploymentPostprocessing = 0;
		};
/* End PBXSourcesBuildPhase section */

/* Begin PBXTargetDependency section */
		250041A61D3DD15D00994B58 /* PBXTargetDependency */ = {
			isa = PBXTargetDependency;
			target = 2500418F1D3DD15D00994B58 /* DanTang */;
			targetProxy = 250041A51D3DD15D00994B58 /* PBXContainerItemProxy */;
		};
		250041B11D3DD15D00994B58 /* PBXTargetDependency */ = {
			isa = PBXTargetDependency;
			target = 2500418F1D3DD15D00994B58 /* DanTang */;
			targetProxy = 250041B01D3DD15D00994B58 /* PBXContainerItemProxy */;
		};
/* End PBXTargetDependency section */

/* Begin XCBuildConfiguration section */
		250041B61D3DD15D00994B58 /* Debug */ = {
			isa = XCBuildConfiguration;
			buildSettings = {
				ALWAYS_SEARCH_USER_PATHS = NO;
				CLANG_ANALYZER_NONNULL = YES;
				CLANG_CXX_LANGUAGE_STANDARD = "gnu++0x";
				CLANG_CXX_LIBRARY = "libc++";
				CLANG_ENABLE_MODULES = YES;
				CLANG_ENABLE_OBJC_ARC = YES;
				CLANG_WARN_BOOL_CONVERSION = YES;
				CLANG_WARN_CONSTANT_CONVERSION = YES;
				CLANG_WARN_DIRECT_OBJC_ISA_USAGE = YES_ERROR;
				CLANG_WARN_EMPTY_BODY = YES;
				CLANG_WARN_ENUM_CONVERSION = YES;
				CLANG_WARN_INT_CONVERSION = YES;
				CLANG_WARN_OBJC_ROOT_CLASS = YES_ERROR;
				CLANG_WARN_UNREACHABLE_CODE = YES;
				CLANG_WARN__DUPLICATE_METHOD_MATCH = YES;
				"CODE_SIGN_IDENTITY[sdk=iphoneos*]" = "iPhone Developer";
				COPY_PHASE_STRIP = NO;
				DEBUG_INFORMATION_FORMAT = dwarf;
				ENABLE_STRICT_OBJC_MSGSEND = YES;
				ENABLE_TESTABILITY = YES;
				GCC_C_LANGUAGE_STANDARD = gnu99;
				GCC_DYNAMIC_NO_PIC = NO;
				GCC_NO_COMMON_BLOCKS = YES;
				GCC_OPTIMIZATION_LEVEL = 0;
				GCC_PREPROCESSOR_DEFINITIONS = (
					"DEBUG=1",
					"$(inherited)",
				);
				GCC_WARN_64_TO_32_BIT_CONVERSION = YES;
				GCC_WARN_ABOUT_RETURN_TYPE = YES_ERROR;
				GCC_WARN_UNDECLARED_SELECTOR = YES;
				GCC_WARN_UNINITIALIZED_AUTOS = YES_AGGRESSIVE;
				GCC_WARN_UNUSED_FUNCTION = YES;
				GCC_WARN_UNUSED_VARIABLE = YES;
				IPHONEOS_DEPLOYMENT_TARGET = 9.3;
				MTL_ENABLE_DEBUG_INFO = YES;
				ONLY_ACTIVE_ARCH = YES;
				SDKROOT = iphoneos;
				SWIFT_OPTIMIZATION_LEVEL = "-Onone";
			};
			name = Debug;
		};
		250041B71D3DD15D00994B58 /* Release */ = {
			isa = XCBuildConfiguration;
			buildSettings = {
				ALWAYS_SEARCH_USER_PATHS = NO;
				CLANG_ANALYZER_NONNULL = YES;
				CLANG_CXX_LANGUAGE_STANDARD = "gnu++0x";
				CLANG_CXX_LIBRARY = "libc++";
				CLANG_ENABLE_MODULES = YES;
				CLANG_ENABLE_OBJC_ARC = YES;
				CLANG_WARN_BOOL_CONVERSION = YES;
				CLANG_WARN_CONSTANT_CONVERSION = YES;
				CLANG_WARN_DIRECT_OBJC_ISA_USAGE = YES_ERROR;
				CLANG_WARN_EMPTY_BODY = YES;
				CLANG_WARN_ENUM_CONVERSION = YES;
				CLANG_WARN_INT_CONVERSION = YES;
				CLANG_WARN_OBJC_ROOT_CLASS = YES_ERROR;
				CLANG_WARN_UNREACHABLE_CODE = YES;
				CLANG_WARN__DUPLICATE_METHOD_MATCH = YES;
				"CODE_SIGN_IDENTITY[sdk=iphoneos*]" = "iPhone Developer";
				COPY_PHASE_STRIP = NO;
				DEBUG_INFORMATION_FORMAT = "dwarf-with-dsym";
				ENABLE_NS_ASSERTIONS = NO;
				ENABLE_STRICT_OBJC_MSGSEND = YES;
				GCC_C_LANGUAGE_STANDARD = gnu99;
				GCC_NO_COMMON_BLOCKS = YES;
				GCC_WARN_64_TO_32_BIT_CONVERSION = YES;
				GCC_WARN_ABOUT_RETURN_TYPE = YES_ERROR;
				GCC_WARN_UNDECLARED_SELECTOR = YES;
				GCC_WARN_UNINITIALIZED_AUTOS = YES_AGGRESSIVE;
				GCC_WARN_UNUSED_FUNCTION = YES;
				GCC_WARN_UNUSED_VARIABLE = YES;
				IPHONEOS_DEPLOYMENT_TARGET = 9.3;
				MTL_ENABLE_DEBUG_INFO = NO;
				SDKROOT = iphoneos;
				VALIDATE_PRODUCT = YES;
			};
			name = Release;
		};
		250041B91D3DD15D00994B58 /* Debug */ = {
			isa = XCBuildConfiguration;
			baseConfigurationReference = 1AC7FCCCC457EC50FC9CBF46 /* Pods-DanTang.debug.xcconfig */;
			buildSettings = {
				ASSETCATALOG_COMPILER_APPICON_NAME = AppIcon;
				ASSETCATALOG_COMPILER_LAUNCHIMAGE_NAME = LaunchImage;
				INFOPLIST_FILE = DanTang/Classes/Others/Info.plist;
				IPHONEOS_DEPLOYMENT_TARGET = 8.0;
				LD_RUNPATH_SEARCH_PATHS = "$(inherited) @executable_path/Frameworks";
				PRODUCT_BUNDLE_IDENTIFIER = com.hrscy.DanTang;
				PRODUCT_NAME = "$(TARGET_NAME)";
			};
			name = Debug;
		};
		250041BA1D3DD15D00994B58 /* Release */ = {
			isa = XCBuildConfiguration;
			baseConfigurationReference = 91EF270E66D496431DC127E0 /* Pods-DanTang.release.xcconfig */;
			buildSettings = {
				ASSETCATALOG_COMPILER_APPICON_NAME = AppIcon;
				ASSETCATALOG_COMPILER_LAUNCHIMAGE_NAME = LaunchImage;
				INFOPLIST_FILE = DanTang/Classes/Others/Info.plist;
				IPHONEOS_DEPLOYMENT_TARGET = 8.0;
				LD_RUNPATH_SEARCH_PATHS = "$(inherited) @executable_path/Frameworks";
				PRODUCT_BUNDLE_IDENTIFIER = com.hrscy.DanTang;
				PRODUCT_NAME = "$(TARGET_NAME)";
			};
			name = Release;
		};
		250041BC1D3DD15D00994B58 /* Debug */ = {
			isa = XCBuildConfiguration;
			buildSettings = {
				BUNDLE_LOADER = "$(TEST_HOST)";
				INFOPLIST_FILE = DanTangTests/Info.plist;
				LD_RUNPATH_SEARCH_PATHS = "$(inherited) @executable_path/Frameworks @loader_path/Frameworks";
				PRODUCT_BUNDLE_IDENTIFIER = com.hrscy.DanTangTests;
				PRODUCT_NAME = "$(TARGET_NAME)";
				TEST_HOST = "$(BUILT_PRODUCTS_DIR)/DanTang.app/DanTang";
			};
			name = Debug;
		};
		250041BD1D3DD15D00994B58 /* Release */ = {
			isa = XCBuildConfiguration;
			buildSettings = {
				BUNDLE_LOADER = "$(TEST_HOST)";
				INFOPLIST_FILE = DanTangTests/Info.plist;
				LD_RUNPATH_SEARCH_PATHS = "$(inherited) @executable_path/Frameworks @loader_path/Frameworks";
				PRODUCT_BUNDLE_IDENTIFIER = com.hrscy.DanTangTests;
				PRODUCT_NAME = "$(TARGET_NAME)";
				TEST_HOST = "$(BUILT_PRODUCTS_DIR)/DanTang.app/DanTang";
			};
			name = Release;
		};
		250041BF1D3DD15D00994B58 /* Debug */ = {
			isa = XCBuildConfiguration;
			buildSettings = {
				INFOPLIST_FILE = DanTangUITests/Info.plist;
				LD_RUNPATH_SEARCH_PATHS = "$(inherited) @executable_path/Frameworks @loader_path/Frameworks";
				PRODUCT_BUNDLE_IDENTIFIER = com.hrscy.DanTangUITests;
				PRODUCT_NAME = "$(TARGET_NAME)";
				TEST_TARGET_NAME = DanTang;
			};
			name = Debug;
		};
		250041C01D3DD15D00994B58 /* Release */ = {
			isa = XCBuildConfiguration;
			buildSettings = {
				INFOPLIST_FILE = DanTangUITests/Info.plist;
				LD_RUNPATH_SEARCH_PATHS = "$(inherited) @executable_path/Frameworks @loader_path/Frameworks";
				PRODUCT_BUNDLE_IDENTIFIER = com.hrscy.DanTangUITests;
				PRODUCT_NAME = "$(TARGET_NAME)";
				TEST_TARGET_NAME = DanTang;
			};
			name = Release;
		};
/* End XCBuildConfiguration section */

/* Begin XCConfigurationList section */
		2500418B1D3DD15D00994B58 /* Build configuration list for PBXProject "DanTang" */ = {
			isa = XCConfigurationList;
			buildConfigurations = (
				250041B61D3DD15D00994B58 /* Debug */,
				250041B71D3DD15D00994B58 /* Release */,
			);
			defaultConfigurationIsVisible = 0;
			defaultConfigurationName = Release;
		};
		250041B81D3DD15D00994B58 /* Build configuration list for PBXNativeTarget "DanTang" */ = {
			isa = XCConfigurationList;
			buildConfigurations = (
				250041B91D3DD15D00994B58 /* Debug */,
				250041BA1D3DD15D00994B58 /* Release */,
			);
			defaultConfigurationIsVisible = 0;
			defaultConfigurationName = Release;
		};
		250041BB1D3DD15D00994B58 /* Build configuration list for PBXNativeTarget "DanTangTests" */ = {
			isa = XCConfigurationList;
			buildConfigurations = (
				250041BC1D3DD15D00994B58 /* Debug */,
				250041BD1D3DD15D00994B58 /* Release */,
			);
			defaultConfigurationIsVisible = 0;
			defaultConfigurationName = Release;
		};
		250041BE1D3DD15D00994B58 /* Build configuration list for PBXNativeTarget "DanTangUITests" */ = {
			isa = XCConfigurationList;
			buildConfigurations = (
				250041BF1D3DD15D00994B58 /* Debug */,
				250041C01D3DD15D00994B58 /* Release */,
			);
			defaultConfigurationIsVisible = 0;
			defaultConfigurationName = Release;
		};
/* End XCConfigurationList section */
	};
	rootObject = 250041881D3DD15D00994B58 /* Project object */;
}
